# This file is automatically @generated by Cargo.
# It is not intended for manual editing.
version = 3

[[package]]
name = "arc-swap"
version = "1.6.0"
source = "registry+https://github.com/rust-lang/crates.io-index"
checksum = "bddcadddf5e9015d310179a59bb28c4d4b9920ad0f11e8e14dbadf654890c9a6"

[[package]]
name = "bitflags"
version = "1.3.2"
source = "registry+https://github.com/rust-lang/crates.io-index"
checksum = "bef38d45163c2f1dde094a7dfd33ccf595c92905c8f8f4fdc18d06fb1037718a"

[[package]]
name = "libc"
version = "0.2.146"
source = "registry+https://github.com/rust-lang/crates.io-index"
checksum = "f92be4933c13fd498862a9e02a3055f8a8d9c039ce33db97306fd5a6caa7f29b"

[[package]]
name = "log"
version = "0.4.18"
source = "registry+https://github.com/rust-lang/crates.io-index"
checksum = "518ef76f2f87365916b142844c16d8fefd85039bc5699050210a7778ee1cd1de"

[[package]]
name = "metis"
version = "0.1.0"
dependencies = [
 "vhost",
 "vhost-user-backend",
 "vm-memory",
 "vmm-sys-util",
]

[[package]]
name = "vhost"
version = "0.7.0"
source = "registry+https://github.com/rust-lang/crates.io-index"
checksum = "84f81f436bca4541f4d33172e1202882c9d437db34ed17fc6d84c8ff2bde21f5"
dependencies = [
 "bitflags",
 "libc",
 "vm-memory",
 "vmm-sys-util",
]

[[package]]
name = "vhost-user-backend"
version = "0.9.0"
source = "registry+https://github.com/rust-lang/crates.io-index"
checksum = "a5d3b7affe04f61d19b03c5db823287855789b687218fec139699a0c7f7f2790"
dependencies = [
 "libc",
 "log",
 "vhost",
 "virtio-bindings",
 "virtio-queue",
 "vm-memory",
 "vmm-sys-util",
]

[[package]]
name = "virtio-bindings"
version = "0.2.0"
source = "registry+https://github.com/rust-lang/crates.io-index"
checksum = "0b9084faf91b9aa9676ae2cac8f1432df2839d9566e6f19f29dbc13a8b831dff"

[[package]]
name = "virtio-queue"
version = "0.8.0"
source = "registry+https://github.com/rust-lang/crates.io-index"
checksum = "91aebb1df33db33cbf04d4c2445e4f78d0b0c8e65acfd16a4ee95ef63ca252f8"
dependencies = [
 "log",
 "virtio-bindings",
 "vm-memory",
 "vmm-sys-util",
]

[[package]]
name = "vm-memory"
version = "0.11.0"
source = "registry+https://github.com/rust-lang/crates.io-index"
checksum = "9d6ea57fe00f9086c59eeeb68e102dd611686bc3c28520fa465996d4d4bdce07"
dependencies = [
 "arc-swap",
 "libc",
 "winapi",
]

[[package]]
name = "vmm-sys-util"
version = "0.11.1"
source = "registry+https://github.com/rust-lang/crates.io-index"
checksum = "dd64fe09d8e880e600c324e7d664760a17f56e9672b7495a86381b49e4f72f46"
dependencies = [
 "bitflags",
 "libc",
]

[[package]]
name = "winapi"
version = "0.3.9"
source = "registry+https://github.com/rust-lang/crates.io-index"
checksum = "5c839a674fcd7a98952e593242ea400abe93992746761e38641405d28b00f419"
dependencies = [
 "winapi-i686-pc-windows-gnu",
 "winapi-x86_64-pc-windows-gnu",
]

[[package]]
name = "winapi-i686-pc-windows-gnu"
version = "0.4.0"
source = "registry+https://github.com/rust-lang/crates.io-index"
checksum = "ac3b87c63620426dd9b991e5ce0329eff545bccbbb34f3be09ff6fb6ab51b7b6"

[[package]]
name = "winapi-x86_64-pc-windows-gnu"
version = "0.4.0"
source = "registry+https://github.com/rust-lang/crates.io-index"
checksum = "712e227841d057c1ee1cd2fb22fa7e5a5461ae8e48fa2ca79ec42cfc1931183f"
